
Microsoft Visual Studio Solution File, Format Version 12.00
# Visual Studio Version 17
VisualStudioVersion = 17.8.34511.84
MinimumVisualStudioVersion = 10.0.40219.1
Project("{FAE04EC0-301F-11D3-BF4B-00C04F79EFBC}") = "NLogBasics", "NLogBasics.csproj", "{50FAD40A-1642-4012-965E-B610F3518176}"
EndProject
Global
	GlobalSection(SolutionConfigurationPlatforms) = preSolution
		Debug|Any CPU = Debug|Any CPU
		Release|Any CPU = Release|Any CPU
	EndGlobalSection
	GlobalSection(ProjectConfigurationPlatforms) = postSolution
		{50FAD40A-1642-4012-965E-B610F3518176}.Debug|Any CPU.ActiveCfg = Debug|Any CPU
		{50FAD40A-1642-4012-965E-B610F3518176}.Debug|Any CPU.Build.0 = Debug|Any CPU
		{50FAD40A-1642-4012-965E-B610F3518176}.Release|Any CPU.ActiveCfg = Release|Any CPU
		{50FAD40A-1642-4012-965E-B610F3518176}.Release|Any CPU.Build.0 = Release|Any CPU
	EndGlobalSection
	GlobalSection(SolutionProperties) = preSolution
		HideSolutionNode = FALSE
	EndGlobalSection
	GlobalSection(ExtensibilityGlobals) = postSolution
		SolutionGuid = {E4BB8E8B-DF49-4AF3-A2DC-A878741AF337}
	EndGlobalSection
EndGlobal
